# This file is generated by running "yarn install" inside your project.
# Manual changes might be lost - proceed with caution!

__metadata:
  version: 8
  cacheKey: 10c0

"brewblox-proto@workspace:.":
  version: 0.0.0-use.local
  resolution: "brewblox-proto@workspace:."
  dependencies:
    typescript-string-enums: "npm:^1.0.0"
  languageName: unknown
  linkType: soft

"typescript-string-enums@npm:^1.0.0":
  version: 1.0.0
  resolution: "typescript-string-enums@npm:1.0.0"
  checksum: 10c0/da72927f18d304c0cb922c3263e352100e5e7eaff372024ccd5e07e26d567cd8d706f57dc72c405c620bf4942eb6f02d7358e1b905471af18ad2b7dff709c0b5
  languageName: node
  linkType: hard
